// !$*UTF8*$!
{
	archiveVersion = 1;
	classes = {
	};
	objectVersion = 46;
	objects = {

/* Begin PBXBuildFile section */
		8A3B8B9C1F0BB46D008088BD /* main.m in Sources */ = {isa = PBXBuildFile; fileRef = 8A3B8B9B1F0BB46D008088BD /* main.m */; };
		8A3B8B9F1F0BB46D008088BD /* AppDelegate.m in Sources */ = {isa = PBXBuildFile; fileRef = 8A3B8B9E1F0BB46D008088BD /* AppDelegate.m */; };
		8A3B8BA21F0BB46D008088BD /* ViewController.m in Sources */ = {isa = PBXBuildFile; fileRef = 8A3B8BA11F0BB46D008088BD /* ViewController.m */; };
		8A3B8BA51F0BB46D008088BD /* Main.storyboard in Resources */ = {isa = PBXBuildFile; fileRef = 8A3B8BA31F0BB46D008088BD /* Main.storyboard */; };
		8A3B8BA71F0BB46D008088BD /* Assets.xcassets in Resources */ = {isa = PBXBuildFile; fileRef = 8A3B8BA61F0BB46D008088BD /* Assets.xcassets */; };
		8A3B8BAA1F0BB46D008088BD /* LaunchScreen.storyboard in Resources */ = {isa = PBXBuildFile; fileRef = 8A3B8BA81F0BB46D008088BD /* LaunchScreen.storyboard */; };
		8A3B8BB51F0BB46D008088BD /* ZCTestDomeProjectTests.m in Sources */ = {isa = PBXBuildFile; fileRef = 8A3B8BB41F0BB46D008088BD /* ZCTestDomeProjectTests.m */; };
		8A3B8BC01F0BB46D008088BD /* ZCTestDomeProjectUITests.m in Sources */ = {isa = PBXBuildFile; fileRef = 8A3B8BBF1F0BB46D008088BD /* ZCTestDomeProjectUITests.m */; };
/* End PBXBuildFile section */

/* Begin PBXContainerItemProxy section */
		8A3B8BB11F0BB46D008088BD /* PBXContainerItemProxy */ = {
			isa = PBXContainerItemProxy;
			containerPortal = 8A3B8B8F1F0BB46D008088BD /* Project object */;
			proxyType = 1;
			remoteGlobalIDString = 8A3B8B961F0BB46D008088BD;
			remoteInfo = ZCTestDomeProject;
		};
		8A3B8BBC1F0BB46D008088BD /* PBXContainerItemProxy */ = {
			isa = PBXContainerItemProxy;
			containerPortal = 8A3B8B8F1F0BB46D008088BD /* Project object */;
			proxyType = 1;
			remoteGlobalIDString = 8A3B8B961F0BB46D008088BD;
			remoteInfo = ZCTestDomeProject;
		};
/* End PBXContainerItemProxy section */

/* Begin PBXFileReference section */
		8A3B8B971F0BB46D008088BD /* ZCTestDomeProject.app */ = {isa = PBXFileReference; explicitFileType = wrapper.application; includeInIndex = 0; path = ZCTestDomeProject.app; sourceTree = BUILT_PRODUCTS_DIR; };
		8A3B8B9B1F0BB46D008088BD /* main.m */ = {isa = PBXFileReference; lastKnownFileType = sourcecode.c.objc; path = main.m; sourceTree = "<group>"; };
		8A3B8B9D1F0BB46D008088BD /* AppDelegate.h */ = {isa = PBXFileReference; lastKnownFileType = sourcecode.c.h; path = AppDelegate.h; sourceTree = "<group>"; };
		8A3B8B9E1F0BB46D008088BD /* AppDelegate.m */ = {isa = PBXFileReference; lastKnownFileType = sourcecode.c.objc; path = AppDelegate.m; sourceTree = "<group>"; };
		8A3B8BA01F0BB46D008088BD /* ViewController.h */ = {isa = PBXFileReference; lastKnownFileType = sourcecode.c.h; path = ViewController.h; sourceTree = "<group>"; };
		8A3B8BA11F0BB46D008088BD /* ViewController.m */ = {isa = PBXFileReference; lastKnownFileType = sourcecode.c.objc; path = ViewController.m; sourceTree = "<group>"; };
		8A3B8BA41F0BB46D008088BD /* Base */ = {isa = PBXFileReference; lastKnownFileType = file.storyboard; name = Base; path = Base.lproj/Main.storyboard; sourceTree = "<group>"; };
		8A3B8BA61F0BB46D008088BD /* Assets.xcassets */ = {isa = PBXFileReference; lastKnownFileType = folder.assetcatalog; path = Assets.xcassets; sourceTree = "<group>"; };
		8A3B8BA91F0BB46D008088BD /* Base */ = {isa = PBXFileReference; lastKnownFileType = file.storyboard; name = Base; path = Base.lproj/LaunchScreen.storyboard; sourceTree = "<group>"; };
		8A3B8BAB1F0BB46D008088BD /* Info.plist */ = {isa = PBXFileReference; lastKnownFileType = text.plist.xml; path = Info.plist; sourceTree = "<group>"; };
		8A3B8BB01F0BB46D008088BD /* ZCTestDomeProjectTests.xctest */ = {isa = PBXFileReference; explicitFileType = wrapper.cfbundle; includeInIndex = 0; path = ZCTestDomeProjectTests.xctest; sourceTree = BUILT_PRODUCTS_DIR; };
		8A3B8BB41F0BB46D008088BD /* ZCTestDomeProjectTests.m */ = {isa = PBXFileReference; lastKnownFileType = sourcecode.c.objc; path = ZCTestDomeProjectTests.m; sourceTree = "<group>"; };
		8A3B8BB61F0BB46D008088BD /* Info.plist */ = {isa = PBXFileReference; lastKnownFileType = text.plist.xml; path = Info.plist; sourceTree = "<group>"; };
		8A3B8BBB1F0BB46D008088BD /* ZCTestDomeProjectUITests.xctest */ = {isa = PBXFileReference; explicitFileType = wrapper.cfbundle; includeInIndex = 0; path = ZCTestDomeProjectUITests.xctest; sourceTree = BUILT_PRODUCTS_DIR; };
		8A3B8BBF1F0BB46D008088BD /* ZCTestDomeProjectUITests.m */ = {isa = PBXFileReference; lastKnownFileType = sourcecode.c.objc; path = ZCTestDomeProjectUITests.m; sourceTree = "<group>"; };
		8A3B8BC11F0BB46D008088BD /* Info.plist */ = {isa = PBXFileReference; lastKnownFileType = text.plist.xml; path = Info.plist; sourceTree = "<group>"; };
/* End PBXFileReference section */

/* Begin PBXFrameworksBuildPhase section */
		8A3B8B941F0BB46D008088BD /* Frameworks */ = {
			isa = PBXFrameworksBuildPhase;
			buildActionMask = 2147483647;
			files = (
			);
			runOnlyForDeploymentPostprocessing = 0;
		};
		8A3B8BAD1F0BB46D008088BD /* Frameworks */ = {
			isa = PBXFrameworksBuildPhase;
			buildActionMask = 2147483647;
			files = (
			);
			runOnlyForDeploymentPostprocessing = 0;
		};
		8A3B8BB81F0BB46D008088BD /* Frameworks */ = {
			isa = PBXFrameworksBuildPhase;
			buildActionMask = 2147483647;
			files = (
			);
			runOnlyForDeploymentPostprocessing = 0;
		};
/* End PBXFrameworksBuildPhase section */

/* Begin PBXGroup section */
		8A3B8B8E1F0BB46D008088BD = {
			isa = PBXGroup;
			children = (
				8A3B8B991F0BB46D008088BD /* ZCTestDomeProject */,
				8A3B8BB31F0BB46D008088BD /* ZCTestDomeProjectTests */,
				8A3B8BBE1F0BB46D008088BD /* ZCTestDomeProjectUITests */,
				8A3B8B981F0BB46D008088BD /* Products */,
			);
			sourceTree = "<group>";
		};
		8A3B8B981F0BB46D008088BD /* Products */ = {
			isa = PBXGroup;
			children = (
				8A3B8B971F0BB46D008088BD /* ZCTestDomeProject.app */,
				8A3B8BB01F0BB46D008088BD /* ZCTestDomeProjectTests.xctest */,
				8A3B8BBB1F0BB46D008088BD /* ZCTestDomeProjectUITests.xctest */,
			);
			name = Products;
			sourceTree = "<group>";
		};
		8A3B8B991F0BB46D008088BD /* ZCTestDomeProject */ = {
			isa = PBXGroup;
			children = (
				8A3B8B9D1F0BB46D008088BD /* AppDelegate.h */,
				8A3B8B9E1F0BB46D008088BD /* AppDelegate.m */,
				8A3B8BA01F0BB46D008088BD /* ViewController.h */,
				8A3B8BA11F0BB46D008088BD /* ViewController.m */,
				8A3B8BA31F0BB46D008088BD /* Main.storyboard */,
				8A3B8BA61F0BB46D008088BD /* Assets.xcassets */,
				8A3B8BA81F0BB46D008088BD /* LaunchScreen.storyboard */,
				8A3B8BAB1F0BB46D008088BD /* Info.plist */,
				8A3B8B9A1F0BB46D008088BD /* Supporting Files */,
			);
			path = ZCTestDomeProject;
			sourceTree = "<group>";
		};
		8A3B8B9A1F0BB46D008088BD /* Supporting Files */ = {
			isa = PBXGroup;
			children = (
				8A3B8B9B1F0BB46D008088BD /* main.m */,
			);
			name = "Supporting Files";
			sourceTree = "<group>";
		};
		8A3B8BB31F0BB46D008088BD /* ZCTestDomeProjectTests */ = {
			isa = PBXGroup;
			children = (
				8A3B8BB41F0BB46D008088BD /* ZCTestDomeProjectTests.m */,
				8A3B8BB61F0BB46D008088BD /* Info.plist */,
			);
			path = ZCTestDomeProjectTests;
			sourceTree = "<group>";
		};
		8A3B8BBE1F0BB46D008088BD /* ZCTestDomeProjectUITests */ = {
			isa = PBXGroup;
			children = (
				8A3B8BBF1F0BB46D008088BD /* ZCTestDomeProjectUITests.m */,
				8A3B8BC11F0BB46D008088BD /* Info.plist */,
			);
			path = ZCTestDomeProjectUITests;
			sourceTree = "<group>";
		};
/* End PBXGroup section */

/* Begin PBXNativeTarget section */
		8A3B8B961F0BB46D008088BD /* ZCTestDomeProject */ = {
			isa = PBXNativeTarget;
			buildConfigurationList = 8A3B8BC41F0BB46D008088BD /* Build configuration list for PBXNativeTarget "ZCTestDomeProject" */;
			buildPhases = (
				8A3B8B931F0BB46D008088BD /* Sources */,
				8A3B8B941F0BB46D008088BD /* Frameworks */,
				8A3B8B951F0BB46D008088BD /* Resources */,
			);
			buildRules = (
			);
			dependencies = (
			);
			name = ZCTestDomeProject;
			productName = ZCTestDomeProject;
			productReference = 8A3B8B971F0BB46D008088BD /* ZCTestDomeProject.app */;
			productType = "com.apple.product-type.application";
		};
		8A3B8BAF1F0BB46D008088BD /* ZCTestDomeProjectTests */ = {
			isa = PBXNativeTarget;
			buildConfigurationList = 8A3B8BC71F0BB46D008088BD /* Build configuration list for PBXNativeTarget "ZCTestDomeProjectTests" */;
			buildPhases = (
				8A3B8BAC1F0BB46D008088BD /* Sources */,
				8A3B8BAD1F0BB46D008088BD /* Frameworks */,
				8A3B8BAE1F0BB46D008088BD /* Resources */,
			);
			buildRules = (
			);
			dependencies = (
				8A3B8BB21F0BB46D008088BD /* PBXTargetDependency */,
			);
			name = ZCTestDomeProjectTests;
			productName = ZCTestDomeProjectTests;
			productReference = 8A3B8BB01F0BB46D008088BD /* ZCTestDomeProjectTests.xctest */;
			productType = "com.apple.product-type.bundle.unit-test";
		};
		8A3B8BBA1F0BB46D008088BD /* ZCTestDomeProjectUITests */ = {
			isa = PBXNativeTarget;
			buildConfigurationList = 8A3B8BCA1F0BB46D008088BD /* Build configuration list for PBXNativeTarget "ZCTestDomeProjectUITests" */;
			buildPhases = (
				8A3B8BB71F0BB46D008088BD /* Sources */,
				8A3B8BB81F0BB46D008088BD /* Frameworks */,
				8A3B8BB91F0BB46D008088BD /* Resources */,
			);
			buildRules = (
			);
			dependencies = (
				8A3B8BBD1F0BB46D008088BD /* PBXTargetDependency */,
			);
			name = ZCTestDomeProjectUITests;
			productName = ZCTestDomeProjectUITests;
			productReference = 8A3B8BBB1F0BB46D008088BD /* ZCTestDomeProjectUITests.xctest */;
			productType = "com.apple.product-type.bundle.ui-testing";
		};
/* End PBXNativeTarget section */

/* Begin PBXProject section */
		8A3B8B8F1F0BB46D008088BD /* Project object */ = {
			isa = PBXProject;
			attributes = {
				LastUpgradeCheck = 0830;
				ORGANIZATIONNAME = zhoucheng;
				TargetAttributes = {
					8A3B8B961F0BB46D008088BD = {
						CreatedOnToolsVersion = 8.3.2;
						ProvisioningStyle = Automatic;
					};
					8A3B8BAF1F0BB46D008088BD = {
						CreatedOnToolsVersion = 8.3.2;
						ProvisioningStyle = Automatic;
						TestTargetID = 8A3B8B961F0BB46D008088BD;
					};
					8A3B8BBA1F0BB46D008088BD = {
						CreatedOnToolsVersion = 8.3.2;
						ProvisioningStyle = Automatic;
						TestTargetID = 8A3B8B961F0BB46D008088BD;
					};
				};
			};
			buildConfigurationList = 8A3B8B921F0BB46D008088BD /* Build configuration list for PBXProject "ZCTestDomeProject" */;
			compatibilityVersion = "Xcode 3.2";
			developmentRegion = English;
			hasScannedForEncodings = 0;
			knownRegions = (
				en,
				Base,
			);
			mainGroup = 8A3B8B8E1F0BB46D008088BD;
			productRefGroup = 8A3B8B981F0BB46D008088BD /* Products */;
			projectDirPath = "";
			projectRoot = "";
			targets = (
				8A3B8B961F0BB46D008088BD /* ZCTestDomeProject */,
				8A3B8BAF1F0BB46D008088BD /* ZCTestDomeProjectTests */,
				8A3B8BBA1F0BB46D008088BD /* ZCTestDomeProjectUITests */,
			);
		};
/* End PBXProject section */

/* Begin PBXResourcesBuildPhase section */
		8A3B8B951F0BB46D008088BD /* Resources */ = {
			isa = PBXResourcesBuildPhase;
			buildActionMask = 2147483647;
			files = (
				8A3B8BAA1F0BB46D008088BD /* LaunchScreen.storyboard in Resources */,
				8A3B8BA71F0BB46D008088BD /* Assets.xcassets in Resources */,
				8A3B8BA51F0BB46D008088BD /* Main.storyboard in Resources */,
			);
			runOnlyForDeploymentPostprocessing = 0;
		};
		8A3B8BAE1F0BB46D008088BD /* Resources */ = {
			isa = PBXResourcesBuildPhase;
			buildActionMask = 2147483647;
			files = (
			);
			runOnlyForDeploymentPostprocessing = 0;
		};
		8A3B8BB91F0BB46D008088BD /* Resources */ = {
			isa = PBXResourcesBuildPhase;
			buildActionMask = 2147483647;
			files = (
			);
			runOnlyForDeploymentPostprocessing = 0;
		};
/* End PBXResourcesBuildPhase section */

/* Begin PBXSourcesBuildPhase section */
		8A3B8B931F0BB46D008088BD /* Sources */ = {
			isa = PBXSourcesBuildPhase;
			buildActionMask = 2147483647;
			files = (
				8A3B8BA21F0BB46D008088BD /* ViewController.m in Sources */,
				8A3B8B9F1F0BB46D008088BD /* AppDelegate.m in Sources */,
				8A3B8B9C1F0BB46D008088BD /* main.m in Sources */,
			);
			runOnlyForDeploymentPostprocessing = 0;
		};
		8A3B8BAC1F0BB46D008088BD /* Sources */ = {
			isa = PBXSourcesBuildPhase;
			buildActionMask = 2147483647;
			files = (
				8A3B8BB51F0BB46D008088BD /* ZCTestDomeProjectTests.m in Sources */,
			);
			runOnlyForDeploymentPostprocessing = 0;
		};
		8A3B8BB71F0BB46D008088BD /* Sources */ = {
			isa = PBXSourcesBuildPhase;
			buildActionMask = 2147483647;
			files = (
				8A3B8BC01F0BB46D008088BD /* ZCTestDomeProjectUITests.m in Sources */,
			);
			runOnlyForDeploymentPostprocessing = 0;
		};
/* End PBXSourcesBuildPhase section */

/* Begin PBXTargetDependency section */
		8A3B8BB21F0BB46D008088BD /* PBXTargetDependency */ = {
			isa = PBXTargetDependency;
			target = 8A3B8B961F0BB46D008088BD /* ZCTestDomeProject */;
			targetProxy = 8A3B8BB11F0BB46D008088BD /* PBXContainerItemProxy */;
		};
		8A3B8BBD1F0BB46D008088BD /* PBXTargetDependency */ = {
			isa = PBXTargetDependency;
			target = 8A3B8B961F0BB46D008088BD /* ZCTestDomeProject */;
			targetProxy = 8A3B8BBC1F0BB46D008088BD /* PBXContainerItemProxy */;
		};
/* End PBXTargetDependency section */

/* Begin PBXVariantGroup section */
		8A3B8BA31F0BB46D008088BD /* Main.storyboard */ = {
			isa = PBXVariantGroup;
			children = (
				8A3B8BA41F0BB46D008088BD /* Base */,
			);
			name = Main.storyboard;
			sourceTree = "<group>";
		};
		8A3B8BA81F0BB46D008088BD /* LaunchScreen.storyboard */ = {
			isa = PBXVariantGroup;
			children = (
				8A3B8BA91F0BB46D008088BD /* Base */,
			);
			name = LaunchScreen.storyboard;
			sourceTree = "<group>";
		};
/* End PBXVariantGroup section */

/* Begin XCBuildConfiguration section */
		8A3B8BC21F0BB46D008088BD /* Debug */ = {
			isa = XCBuildConfiguration;
			buildSettings = {
				ALWAYS_SEARCH_USER_PATHS = NO;
				CLANG_ANALYZER_NONNULL = YES;
				CLANG_ANALYZER_NUMBER_OBJECT_CONVERSION = YES_AGGRESSIVE;
				CLANG_CXX_LANGUAGE_STANDARD = "gnu++0x";
				CLANG_CXX_LIBRARY = "libc++";
				CLANG_ENABLE_MODULES = YES;
				CLANG_ENABLE_OBJC_ARC = YES;
				CLANG_WARN_BOOL_CONVERSION = YES;
				CLANG_WARN_CONSTANT_CONVERSION = YES;
				CLANG_WARN_DIRECT_OBJC_ISA_USAGE = YES_ERROR;
				CLANG_WARN_DOCUMENTATION_COMMENTS = YES;
				CLANG_WARN_EMPTY_BODY = YES;
				CLANG_WARN_ENUM_CONVERSION = YES;
				CLANG_WARN_INFINITE_RECURSION = YES;
				CLANG_WARN_INT_CONVERSION = YES;
				CLANG_WARN_OBJC_ROOT_CLASS = YES_ERROR;
				CLANG_WARN_SUSPICIOUS_MOVE = YES;
				CLANG_WARN_UNREACHABLE_CODE = YES;
				CLANG_WARN__DUPLICATE_METHOD_MATCH = YES;
				"CODE_SIGN_IDENTITY[sdk=iphoneos*]" = "iPhone Developer";
				COPY_PHASE_STRIP = NO;
				DEBUG_INFORMATION_FORMAT = dwarf;
				ENABLE_STRICT_OBJC_MSGSEND = YES;
				ENABLE_TESTABILITY = YES;
				GCC_C_LANGUAGE_STANDARD = gnu99;
				GCC_DYNAMIC_NO_PIC = NO;
				GCC_NO_COMMON_BLOCKS = YES;
				GCC_OPTIMIZATION_LEVEL = 0;
				GCC_PREPROCESSOR_DEFINITIONS = (
					"DEBUG=1",
					"$(inherited)",
				);
				GCC_WARN_64_TO_32_BIT_CONVERSION = YES;
				GCC_WARN_ABOUT_RETURN_TYPE = YES_ERROR;
				GCC_WARN_UNDECLARED_SELECTOR = YES;
				GCC_WARN_UNINITIALIZED_AUTOS = YES_AGGRESSIVE;
				GCC_WARN_UNUSED_FUNCTION = YES;
				GCC_WARN_UNUSED_VARIABLE = YES;
				IPHONEOS_DEPLOYMENT_TARGET = 10.3;
				MTL_ENABLE_DEBUG_INFO = YES;
				ONLY_ACTIVE_ARCH = YES;
				SDKROOT = iphoneos;
			};
			name = Debug;
		};
		8A3B8BC31F0BB46D008088BD /* Release */ = {
			isa = XCBuildConfiguration;
			buildSettings = {
				ALWAYS_SEARCH_USER_PATHS = NO;
				CLANG_ANALYZER_NONNULL = YES;
				CLANG_ANALYZER_NUMBER_OBJECT_CONVERSION = YES_AGGRESSIVE;
				CLANG_CXX_LANGUAGE_STANDARD = "gnu++0x";
				CLANG_CXX_LIBRARY = "libc++";
				CLANG_ENABLE_MODULES = YES;
				CLANG_ENABLE_OBJC_ARC = YES;
				CLANG_WARN_BOOL_CONVERSION = YES;
				CLANG_WARN_CONSTANT_CONVERSION = YES;
				CLANG_WARN_DIRECT_OBJC_ISA_USAGE = YES_ERROR;
				CLANG_WARN_DOCUMENTATION_COMMENTS = YES;
				CLANG_WARN_EMPTY_BODY = YES;
				CLANG_WARN_ENUM_CONVERSION = YES;
				CLANG_WARN_INFINITE_RECURSION = YES;
				CLANG_WARN_INT_CONVERSION = YES;
				CLANG_WARN_OBJC_ROOT_CLASS = YES_ERROR;
				CLANG_WARN_SUSPICIOUS_MOVE = YES;
				CLANG_WARN_UNREACHABLE_CODE = YES;
				CLANG_WARN__DUPLICATE_METHOD_MATCH = YES;
				"CODE_SIGN_IDENTITY[sdk=iphoneos*]" = "iPhone Developer";
				COPY_PHASE_STRIP = NO;
				DEBUG_INFORMATION_FORMAT = "dwarf-with-dsym";
				ENABLE_NS_ASSERTIONS = NO;
				ENABLE_STRICT_OBJC_MSGSEND = YES;
				GCC_C_LANGUAGE_STANDARD = gnu99;
				GCC_NO_COMMON_BLOCKS = YES;
				GCC_WARN_64_TO_32_BIT_CONVERSION = YES;
				GCC_WARN_ABOUT_RETURN_TYPE = YES_ERROR;
				GCC_WARN_UNDECLARED_SELECTOR = YES;
				GCC_WARN_UNINITIALIZED_AUTOS = YES_AGGRESSIVE;
				GCC_WARN_UNUSED_FUNCTION = YES;
				GCC_WARN_UNUSED_VARIABLE = YES;
				IPHONEOS_DEPLOYMENT_TARGET = 10.3;
				MTL_ENABLE_DEBUG_INFO = NO;
				SDKROOT = iphoneos;
				VALIDATE_PRODUCT = YES;
			};
			name = Release;
		};
		8A3B8BC51F0BB46D008088BD /* Debug */ = {
			isa = XCBuildConfiguration;
			buildSettings = {
				ASSETCATALOG_COMPILER_APPICON_NAME = AppIcon;
				INFOPLIST_FILE = ZCTestDomeProject/Info.plist;
				LD_RUNPATH_SEARCH_PATHS = "$(inherited) @executable_path/Frameworks";
				PRODUCT_BUNDLE_IDENTIFIER = com.zc.ZCTestDomeProject;
				PRODUCT_NAME = "$(TARGET_NAME)";
			};
			name = Debug;
		};
		8A3B8BC61F0BB46D008088BD /* Release */ = {
			isa = XCBuildConfiguration;
			buildSettings = {
				ASSETCATALOG_COMPILER_APPICON_NAME = AppIcon;
				INFOPLIST_FILE = ZCTestDomeProject/Info.plist;
				LD_RUNPATH_SEARCH_PATHS = "$(inherited) @executable_path/Frameworks";
				PRODUCT_BUNDLE_IDENTIFIER = com.zc.ZCTestDomeProject;
				PRODUCT_NAME = "$(TARGET_NAME)";
			};
			name = Release;
		};
		8A3B8BC81F0BB46D008088BD /* Debug */ = {
			isa = XCBuildConfiguration;
			buildSettings = {
				BUNDLE_LOADER = "$(TEST_HOST)";
				INFOPLIST_FILE = ZCTestDomeProjectTests/Info.plist;
				LD_RUNPATH_SEARCH_PATHS = "$(inherited) @executable_path/Frameworks @loader_path/Frameworks";
				PRODUCT_BUNDLE_IDENTIFIER = com.zc.ZCTestDomeProjectTests;
				PRODUCT_NAME = "$(TARGET_NAME)";
				TEST_HOST = "$(BUILT_PRODUCTS_DIR)/ZCTestDomeProject.app/ZCTestDomeProject";
			};
			name = Debug;
		};
		8A3B8BC91F0BB46D008088BD /* Release */ = {
			isa = XCBuildConfiguration;
			buildSettings = {
				BUNDLE_LOADER = "$(TEST_HOST)";
				INFOPLIST_FILE = ZCTestDomeProjectTests/Info.plist;
				LD_RUNPATH_SEARCH_PATHS = "$(inherited) @executable_path/Frameworks @loader_path/Frameworks";
				PRODUCT_BUNDLE_IDENTIFIER = com.zc.ZCTestDomeProjectTests;
				PRODUCT_NAME = "$(TARGET_NAME)";
				TEST_HOST = "$(BUILT_PRODUCTS_DIR)/ZCTestDomeProject.app/ZCTestDomeProject";
			};
			name = Release;
		};
		8A3B8BCB1F0BB46D008088BD /* Debug */ = {
			isa = XCBuildConfiguration;
			buildSettings = {
				INFOPLIST_FILE = ZCTestDomeProjectUITests/Info.plist;
				LD_RUNPATH_SEARCH_PATHS = "$(inherited) @executable_path/Frameworks @loader_path/Frameworks";
				PRODUCT_BUNDLE_IDENTIFIER = com.zc.ZCTestDomeProjectUITests;
				PRODUCT_NAME = "$(TARGET_NAME)";
				TEST_TARGET_NAME = ZCTestDomeProject;
			};
			name = Debug;
		};
		8A3B8BCC1F0BB46D008088BD /* Release */ = {
			isa = XCBuildConfiguration;
			buildSettings = {
				INFOPLIST_FILE = ZCTestDomeProjectUITests/Info.plist;
				LD_RUNPATH_SEARCH_PATHS = "$(inherited) @executable_path/Frameworks @loader_path/Frameworks";
				PRODUCT_BUNDLE_IDENTIFIER = com.zc.ZCTestDomeProjectUITests;
				PRODUCT_NAME = "$(TARGET_NAME)";
				TEST_TARGET_NAME = ZCTestDomeProject;
			};
			name = Release;
		};
/* End XCBuildConfiguration section */

/* Begin XCConfigurationList section */
		8A3B8B921F0BB46D008088BD /* Build configuration list for PBXProject "ZCTestDomeProject" */ = {
			isa = XCConfigurationList;
			buildConfigurations = (
				8A3B8BC21F0BB46D008088BD /* Debug */,
				8A3B8BC31F0BB46D008088BD /* Release */,
			);
			defaultConfigurationIsVisible = 0;
			defaultConfigurationName = Release;
		};
		8A3B8BC41F0BB46D008088BD /* Build configuration list for PBXNativeTarget "ZCTestDomeProject" */ = {
			isa = XCConfigurationList;
			buildConfigurations = (
				8A3B8BC51F0BB46D008088BD /* Debug */,
				8A3B8BC61F0BB46D008088BD /* Release */,
			);
			defaultConfigurationIsVisible = 0;
		};
		8A3B8BC71F0BB46D008088BD /* Build configuration list for PBXNativeTarget "ZCTestDomeProjectTests" */ = {
			isa = XCConfigurationList;
			buildConfigurations = (
				8A3B8BC81F0BB46D008088BD /* Debug */,
				8A3B8BC91F0BB46D008088BD /* Release */,
			);
			defaultConfigurationIsVisible = 0;
		};
		8A3B8BCA1F0BB46D008088BD /* Build configuration list for PBXNativeTarget "ZCTestDomeProjectUITests" */ = {
			isa = XCConfigurationList;
			buildConfigurations = (
				8A3B8BCB1F0BB46D008088BD /* Debug */,
				8A3B8BCC1F0BB46D008088BD /* Release */,
			);
			defaultConfigurationIsVisible = 0;
		};
/* End XCConfigurationList section */
	};
	rootObject = 8A3B8B8F1F0BB46D008088BD /* Project object */;
}
